
Microsoft Visual Studio Solution File, Format Version 11.00
# Visual Studio 2010
Project("{FAE04EC0-301F-11D3-BF4B-00C04F79EFBC}") = "C5.Mono", "C5\C5.Mono.csproj", "{1BD0D1BD-512B-4228-B02D-B50ADAF000B3}"
EndProject
Project("{FAE04EC0-301F-11D3-BF4B-00C04F79EFBC}") = "C5.Tests.Mono", "C5.Tests\C5.Tests.Mono.csproj", "{08CBFDEB-A2E2-4F0E-A4E1-B996B05569DE}"
EndProject
Project("{FAE04EC0-301F-11D3-BF4B-00C04F79EFBC}") = "C5.UserGuideExamples.Mono", "C5.UserGuideExamples\C5.UserGuideExamples.Mono.csproj", "{B2A29FF2-A5C5-4F07-8CE7-FF5D744D7562}"
EndProject
Global
	GlobalSection(SolutionConfigurationPlatforms) = preSolution
		Debug|x86 = Debug|x86
		Release|x86 = Release|x86
	EndGlobalSection
	GlobalSection(ProjectConfigurationPlatforms) = postSolution
		{08CBFDEB-A2E2-4F0E-A4E1-B996B05569DE}.Debug|x86.ActiveCfg = Debug|Any CPU
		{08CBFDEB-A2E2-4F0E-A4E1-B996B05569DE}.Debug|x86.Build.0 = Debug|Any CPU
		{08CBFDEB-A2E2-4F0E-A4E1-B996B05569DE}.Release|x86.ActiveCfg = Release|Any CPU
		{08CBFDEB-A2E2-4F0E-A4E1-B996B05569DE}.Release|x86.Build.0 = Release|Any CPU
		{1BD0D1BD-512B-4228-B02D-B50ADAF000B3}.Debug|x86.ActiveCfg = Debug|Any CPU
		{1BD0D1BD-512B-4228-B02D-B50ADAF000B3}.Debug|x86.Build.0 = Debug|Any CPU
		{1BD0D1BD-512B-4228-B02D-B50ADAF000B3}.Release|x86.ActiveCfg = Release|Any CPU
		{1BD0D1BD-512B-4228-B02D-B50ADAF000B3}.Release|x86.Build.0 = Release|Any CPU
		{B2A29FF2-A5C5-4F07-8CE7-FF5D744D7562}.Debug|x86.ActiveCfg = Debug|Any CPU
		{B2A29FF2-A5C5-4F07-8CE7-FF5D744D7562}.Debug|x86.Build.0 = Debug|Any CPU
		{B2A29FF2-A5C5-4F07-8CE7-FF5D744D7562}.Release|x86.ActiveCfg = Release|Any CPU
		{B2A29FF2-A5C5-4F07-8CE7-FF5D744D7562}.Release|x86.Build.0 = Release|Any CPU
	EndGlobalSection
	GlobalSection(MonoDevelopProperties) = preSolution
		StartupItem = C5\C5.Mono.csproj
	EndGlobalSection
EndGlobal
