Microsoft Visual Studio Solution File, Format Version 12.00
# Visual Studio 15
VisualStudioVersion = 15.0.26206.0
MinimumVisualStudioVersion = 10.0.40219.1
Project("{FAE04EC0-301F-11D3-BF4B-00C04F79EFBC}") = "C5", "C5\C5.csproj", "{D02E0664-C56C-4C3F-98E5-C8EC881A8439}"
EndProject
Project("{FAE04EC0-301F-11D3-BF4B-00C04F79EFBC}") = "C5.Tests", "C5.Tests\C5.Tests.csproj", "{08CBFDEB-A2E2-4F0E-A4E1-B996B05569DE}"
EndProject
Project("{FAE04EC0-301F-11D3-BF4B-00C04F79EFBC}") = "C5.UserGuideExamples", "C5.UserGuideExamples\C5.UserGuideExamples.csproj", "{B2A29FF2-A5C5-4F07-8CE7-FF5D744D7562}"
EndProject
Project("{FAE04EC0-301F-11D3-BF4B-00C04F79EFBC}") = "C5.NET40.Tests", "C5.NET40.Tests\C5.NET40.Tests.csproj", "{D5422FF7-8BAF-4CB4-96D0-E18488F9F366}"
EndProject
Project("{FAE04EC0-301F-11D3-BF4B-00C04F79EFBC}") = "C5.NET45", "C5.NET45\C5.NET45.csproj", "{1BC6A975-FF11-4ED8-BEE4-0E4B9CC7389F}"
EndProject
Project("{FAE04EC0-301F-11D3-BF4B-00C04F79EFBC}") = "C5.NET45.Tests", "C5.NET45.Tests\C5.NET45.Tests.csproj", "{8E909C20-9DD7-4B54-B365-9EA48E16FF17}"
EndProject
Project("{2150E333-8FDC-42A3-9474-1A3956D46DE8}") = "Files", "Files", "{D9E9280C-F850-41AB-B9CB-D00E39833B20}"
	ProjectSection(SolutionItems) = preProject
		Doxyfile = Doxyfile
		LICENSE.txt = LICENSE.txt
		README.rdoc = README.rdoc
		RELEASE-NOTES.txt = RELEASE-NOTES.txt
	EndProjectSection
EndProject
Project("{FAE04EC0-301F-11D3-BF4B-00C04F79EFBC}") = "C5.NETStandard", "C5.NETStandard\C5.NETStandard.csproj", "{72391A11-FE24-4D9B-8144-0E20D8A068A0}"
EndProject
Project("{FAE04EC0-301F-11D3-BF4B-00C04F79EFBC}") = "C5.NETCore", "C5.NETCore\C5.NETCore.csproj", "{4B2C27D0-F479-4A15-A74A-1FF9223C4078}"
EndProject
Global
	GlobalSection(SolutionConfigurationPlatforms) = preSolution
		Debug|Any CPU = Debug|Any CPU
		Debug|ARM = Debug|ARM
		Debug|x64 = Debug|x64
		Debug|x86 = Debug|x86
		Release|Any CPU = Release|Any CPU
		Release|ARM = Release|ARM
		Release|x64 = Release|x64
		Release|x86 = Release|x86
	EndGlobalSection
	GlobalSection(ProjectConfigurationPlatforms) = postSolution
		{D02E0664-C56C-4C3F-98E5-C8EC881A8439}.Debug|Any CPU.ActiveCfg = Debug|Any CPU
		{D02E0664-C56C-4C3F-98E5-C8EC881A8439}.Debug|Any CPU.Build.0 = Debug|Any CPU
		{D02E0664-C56C-4C3F-98E5-C8EC881A8439}.Debug|ARM.ActiveCfg = Debug|Any CPU
		{D02E0664-C56C-4C3F-98E5-C8EC881A8439}.Debug|ARM.Build.0 = Debug|Any CPU
		{D02E0664-C56C-4C3F-98E5-C8EC881A8439}.Debug|x64.ActiveCfg = Debug|Any CPU
		{D02E0664-C56C-4C3F-98E5-C8EC881A8439}.Debug|x64.Build.0 = Debug|Any CPU
		{D02E0664-C56C-4C3F-98E5-C8EC881A8439}.Debug|x86.ActiveCfg = Debug|Any CPU
		{D02E0664-C56C-4C3F-98E5-C8EC881A8439}.Debug|x86.Build.0 = Debug|Any CPU
		{D02E0664-C56C-4C3F-98E5-C8EC881A8439}.Release|Any CPU.ActiveCfg = Release|Any CPU
		{D02E0664-C56C-4C3F-98E5-C8EC881A8439}.Release|Any CPU.Build.0 = Release|Any CPU
		{D02E0664-C56C-4C3F-98E5-C8EC881A8439}.Release|ARM.ActiveCfg = Release|Any CPU
		{D02E0664-C56C-4C3F-98E5-C8EC881A8439}.Release|ARM.Build.0 = Release|Any CPU
		{D02E0664-C56C-4C3F-98E5-C8EC881A8439}.Release|x64.ActiveCfg = Release|Any CPU
		{D02E0664-C56C-4C3F-98E5-C8EC881A8439}.Release|x64.Build.0 = Release|Any CPU
		{D02E0664-C56C-4C3F-98E5-C8EC881A8439}.Release|x86.ActiveCfg = Release|Any CPU
		{D02E0664-C56C-4C3F-98E5-C8EC881A8439}.Release|x86.Build.0 = Release|Any CPU
		{08CBFDEB-A2E2-4F0E-A4E1-B996B05569DE}.Debug|Any CPU.ActiveCfg = Debug|Any CPU
		{08CBFDEB-A2E2-4F0E-A4E1-B996B05569DE}.Debug|Any CPU.Build.0 = Debug|Any CPU
		{08CBFDEB-A2E2-4F0E-A4E1-B996B05569DE}.Debug|ARM.ActiveCfg = Debug|Any CPU
		{08CBFDEB-A2E2-4F0E-A4E1-B996B05569DE}.Debug|ARM.Build.0 = Debug|Any CPU
		{08CBFDEB-A2E2-4F0E-A4E1-B996B05569DE}.Debug|x64.ActiveCfg = Debug|Any CPU
		{08CBFDEB-A2E2-4F0E-A4E1-B996B05569DE}.Debug|x64.Build.0 = Debug|Any CPU
		{08CBFDEB-A2E2-4F0E-A4E1-B996B05569DE}.Debug|x86.ActiveCfg = Debug|Any CPU
		{08CBFDEB-A2E2-4F0E-A4E1-B996B05569DE}.Debug|x86.Build.0 = Debug|Any CPU
		{08CBFDEB-A2E2-4F0E-A4E1-B996B05569DE}.Release|Any CPU.ActiveCfg = Release|Any CPU
		{08CBFDEB-A2E2-4F0E-A4E1-B996B05569DE}.Release|Any CPU.Build.0 = Release|Any CPU
		{08CBFDEB-A2E2-4F0E-A4E1-B996B05569DE}.Release|ARM.ActiveCfg = Release|Any CPU
		{08CBFDEB-A2E2-4F0E-A4E1-B996B05569DE}.Release|ARM.Build.0 = Release|Any CPU
		{08CBFDEB-A2E2-4F0E-A4E1-B996B05569DE}.Release|x64.ActiveCfg = Release|Any CPU
		{08CBFDEB-A2E2-4F0E-A4E1-B996B05569DE}.Release|x64.Build.0 = Release|Any CPU
		{08CBFDEB-A2E2-4F0E-A4E1-B996B05569DE}.Release|x86.ActiveCfg = Release|Any CPU
		{08CBFDEB-A2E2-4F0E-A4E1-B996B05569DE}.Release|x86.Build.0 = Release|Any CPU
		{B2A29FF2-A5C5-4F07-8CE7-FF5D744D7562}.Debug|Any CPU.ActiveCfg = Debug|Any CPU
		{B2A29FF2-A5C5-4F07-8CE7-FF5D744D7562}.Debug|Any CPU.Build.0 = Debug|Any CPU
		{B2A29FF2-A5C5-4F07-8CE7-FF5D744D7562}.Debug|ARM.ActiveCfg = Debug|Any CPU
		{B2A29FF2-A5C5-4F07-8CE7-FF5D744D7562}.Debug|ARM.Build.0 = Debug|Any CPU
		{B2A29FF2-A5C5-4F07-8CE7-FF5D744D7562}.Debug|x64.ActiveCfg = Debug|Any CPU
		{B2A29FF2-A5C5-4F07-8CE7-FF5D744D7562}.Debug|x64.Build.0 = Debug|Any CPU
		{B2A29FF2-A5C5-4F07-8CE7-FF5D744D7562}.Debug|x86.ActiveCfg = Debug|Any CPU
		{B2A29FF2-A5C5-4F07-8CE7-FF5D744D7562}.Debug|x86.Build.0 = Debug|Any CPU
		{B2A29FF2-A5C5-4F07-8CE7-FF5D744D7562}.Release|Any CPU.ActiveCfg = Release|Any CPU
		{B2A29FF2-A5C5-4F07-8CE7-FF5D744D7562}.Release|Any CPU.Build.0 = Release|Any CPU
		{B2A29FF2-A5C5-4F07-8CE7-FF5D744D7562}.Release|ARM.ActiveCfg = Release|Any CPU
		{B2A29FF2-A5C5-4F07-8CE7-FF5D744D7562}.Release|ARM.Build.0 = Release|Any CPU
		{B2A29FF2-A5C5-4F07-8CE7-FF5D744D7562}.Release|x64.ActiveCfg = Release|Any CPU
		{B2A29FF2-A5C5-4F07-8CE7-FF5D744D7562}.Release|x64.Build.0 = Release|Any CPU
		{B2A29FF2-A5C5-4F07-8CE7-FF5D744D7562}.Release|x86.ActiveCfg = Release|Any CPU
		{B2A29FF2-A5C5-4F07-8CE7-FF5D744D7562}.Release|x86.Build.0 = Release|Any CPU
		{D5422FF7-8BAF-4CB4-96D0-E18488F9F366}.Debug|Any CPU.ActiveCfg = Debug|Any CPU
		{D5422FF7-8BAF-4CB4-96D0-E18488F9F366}.Debug|Any CPU.Build.0 = Debug|Any CPU
		{D5422FF7-8BAF-4CB4-96D0-E18488F9F366}.Debug|ARM.ActiveCfg = Debug|Any CPU
		{D5422FF7-8BAF-4CB4-96D0-E18488F9F366}.Debug|ARM.Build.0 = Debug|Any CPU
		{D5422FF7-8BAF-4CB4-96D0-E18488F9F366}.Debug|x64.ActiveCfg = Debug|Any CPU
		{D5422FF7-8BAF-4CB4-96D0-E18488F9F366}.Debug|x64.Build.0 = Debug|Any CPU
		{D5422FF7-8BAF-4CB4-96D0-E18488F9F366}.Debug|x86.ActiveCfg = Debug|Any CPU
		{D5422FF7-8BAF-4CB4-96D0-E18488F9F366}.Debug|x86.Build.0 = Debug|Any CPU
		{D5422FF7-8BAF-4CB4-96D0-E18488F9F366}.Release|Any CPU.ActiveCfg = Release|Any CPU
		{D5422FF7-8BAF-4CB4-96D0-E18488F9F366}.Release|Any CPU.Build.0 = Release|Any CPU
		{D5422FF7-8BAF-4CB4-96D0-E18488F9F366}.Release|ARM.ActiveCfg = Release|Any CPU
		{D5422FF7-8BAF-4CB4-96D0-E18488F9F366}.Release|ARM.Build.0 = Release|Any CPU
		{D5422FF7-8BAF-4CB4-96D0-E18488F9F366}.Release|x64.ActiveCfg = Release|Any CPU
		{D5422FF7-8BAF-4CB4-96D0-E18488F9F366}.Release|x64.Build.0 = Release|Any CPU
		{D5422FF7-8BAF-4CB4-96D0-E18488F9F366}.Release|x86.ActiveCfg = Release|Any CPU
		{D5422FF7-8BAF-4CB4-96D0-E18488F9F366}.Release|x86.Build.0 = Release|Any CPU
		{1BC6A975-FF11-4ED8-BEE4-0E4B9CC7389F}.Debug|Any CPU.ActiveCfg = Debug|Any CPU
		{1BC6A975-FF11-4ED8-BEE4-0E4B9CC7389F}.Debug|Any CPU.Build.0 = Debug|Any CPU
		{1BC6A975-FF11-4ED8-BEE4-0E4B9CC7389F}.Debug|ARM.ActiveCfg = Debug|Any CPU
		{1BC6A975-FF11-4ED8-BEE4-0E4B9CC7389F}.Debug|ARM.Build.0 = Debug|Any CPU
		{1BC6A975-FF11-4ED8-BEE4-0E4B9CC7389F}.Debug|x64.ActiveCfg = Debug|Any CPU
		{1BC6A975-FF11-4ED8-BEE4-0E4B9CC7389F}.Debug|x64.Build.0 = Debug|Any CPU
		{1BC6A975-FF11-4ED8-BEE4-0E4B9CC7389F}.Debug|x86.ActiveCfg = Debug|Any CPU
		{1BC6A975-FF11-4ED8-BEE4-0E4B9CC7389F}.Debug|x86.Build.0 = Debug|Any CPU
		{1BC6A975-FF11-4ED8-BEE4-0E4B9CC7389F}.Release|Any CPU.ActiveCfg = Release|Any CPU
		{1BC6A975-FF11-4ED8-BEE4-0E4B9CC7389F}.Release|Any CPU.Build.0 = Release|Any CPU
		{1BC6A975-FF11-4ED8-BEE4-0E4B9CC7389F}.Release|ARM.ActiveCfg = Release|Any CPU
		{1BC6A975-FF11-4ED8-BEE4-0E4B9CC7389F}.Release|ARM.Build.0 = Release|Any CPU
		{1BC6A975-FF11-4ED8-BEE4-0E4B9CC7389F}.Release|x64.ActiveCfg = Release|Any CPU
		{1BC6A975-FF11-4ED8-BEE4-0E4B9CC7389F}.Release|x64.Build.0 = Release|Any CPU
		{1BC6A975-FF11-4ED8-BEE4-0E4B9CC7389F}.Release|x86.ActiveCfg = Release|Any CPU
		{1BC6A975-FF11-4ED8-BEE4-0E4B9CC7389F}.Release|x86.Build.0 = Release|Any CPU
		{8E909C20-9DD7-4B54-B365-9EA48E16FF17}.Debug|Any CPU.ActiveCfg = Debug|Any CPU
		{8E909C20-9DD7-4B54-B365-9EA48E16FF17}.Debug|Any CPU.Build.0 = Debug|Any CPU
		{8E909C20-9DD7-4B54-B365-9EA48E16FF17}.Debug|ARM.ActiveCfg = Debug|Any CPU
		{8E909C20-9DD7-4B54-B365-9EA48E16FF17}.Debug|ARM.Build.0 = Debug|Any CPU
		{8E909C20-9DD7-4B54-B365-9EA48E16FF17}.Debug|x64.ActiveCfg = Debug|Any CPU
		{8E909C20-9DD7-4B54-B365-9EA48E16FF17}.Debug|x64.Build.0 = Debug|Any CPU
		{8E909C20-9DD7-4B54-B365-9EA48E16FF17}.Debug|x86.ActiveCfg = Debug|Any CPU
		{8E909C20-9DD7-4B54-B365-9EA48E16FF17}.Debug|x86.Build.0 = Debug|Any CPU
		{8E909C20-9DD7-4B54-B365-9EA48E16FF17}.Release|Any CPU.ActiveCfg = Release|Any CPU
		{8E909C20-9DD7-4B54-B365-9EA48E16FF17}.Release|Any CPU.Build.0 = Release|Any CPU
		{8E909C20-9DD7-4B54-B365-9EA48E16FF17}.Release|ARM.ActiveCfg = Release|Any CPU
		{8E909C20-9DD7-4B54-B365-9EA48E16FF17}.Release|ARM.Build.0 = Release|Any CPU
		{8E909C20-9DD7-4B54-B365-9EA48E16FF17}.Release|x64.ActiveCfg = Release|Any CPU
		{8E909C20-9DD7-4B54-B365-9EA48E16FF17}.Release|x64.Build.0 = Release|Any CPU
		{8E909C20-9DD7-4B54-B365-9EA48E16FF17}.Release|x86.ActiveCfg = Release|Any CPU
		{8E909C20-9DD7-4B54-B365-9EA48E16FF17}.Release|x86.Build.0 = Release|Any CPU
		{72391A11-FE24-4D9B-8144-0E20D8A068A0}.Debug|Any CPU.ActiveCfg = Debug|Any CPU
		{72391A11-FE24-4D9B-8144-0E20D8A068A0}.Debug|Any CPU.Build.0 = Debug|Any CPU
		{72391A11-FE24-4D9B-8144-0E20D8A068A0}.Debug|ARM.ActiveCfg = Debug|Any CPU
		{72391A11-FE24-4D9B-8144-0E20D8A068A0}.Debug|ARM.Build.0 = Debug|Any CPU
		{72391A11-FE24-4D9B-8144-0E20D8A068A0}.Debug|x64.ActiveCfg = Debug|x64
		{72391A11-FE24-4D9B-8144-0E20D8A068A0}.Debug|x64.Build.0 = Debug|x64
		{72391A11-FE24-4D9B-8144-0E20D8A068A0}.Debug|x86.ActiveCfg = Debug|x86
		{72391A11-FE24-4D9B-8144-0E20D8A068A0}.Debug|x86.Build.0 = Debug|x86
		{72391A11-FE24-4D9B-8144-0E20D8A068A0}.Release|Any CPU.ActiveCfg = Release|Any CPU
		{72391A11-FE24-4D9B-8144-0E20D8A068A0}.Release|Any CPU.Build.0 = Release|Any CPU
		{72391A11-FE24-4D9B-8144-0E20D8A068A0}.Release|ARM.ActiveCfg = Release|Any CPU
		{72391A11-FE24-4D9B-8144-0E20D8A068A0}.Release|ARM.Build.0 = Release|Any CPU
		{72391A11-FE24-4D9B-8144-0E20D8A068A0}.Release|x64.ActiveCfg = Release|x64
		{72391A11-FE24-4D9B-8144-0E20D8A068A0}.Release|x64.Build.0 = Release|x64
		{72391A11-FE24-4D9B-8144-0E20D8A068A0}.Release|x86.ActiveCfg = Release|x86
		{72391A11-FE24-4D9B-8144-0E20D8A068A0}.Release|x86.Build.0 = Release|x86
		{4B2C27D0-F479-4A15-A74A-1FF9223C4078}.Debug|Any CPU.ActiveCfg = Debug|Any CPU
		{4B2C27D0-F479-4A15-A74A-1FF9223C4078}.Debug|Any CPU.Build.0 = Debug|Any CPU
		{4B2C27D0-F479-4A15-A74A-1FF9223C4078}.Debug|ARM.ActiveCfg = Debug|Any CPU
		{4B2C27D0-F479-4A15-A74A-1FF9223C4078}.Debug|ARM.Build.0 = Debug|Any CPU
		{4B2C27D0-F479-4A15-A74A-1FF9223C4078}.Debug|x64.ActiveCfg = Debug|x64
		{4B2C27D0-F479-4A15-A74A-1FF9223C4078}.Debug|x64.Build.0 = Debug|x64
		{4B2C27D0-F479-4A15-A74A-1FF9223C4078}.Debug|x86.ActiveCfg = Debug|x86
		{4B2C27D0-F479-4A15-A74A-1FF9223C4078}.Debug|x86.Build.0 = Debug|x86
		{4B2C27D0-F479-4A15-A74A-1FF9223C4078}.Release|Any CPU.ActiveCfg = Release|Any CPU
		{4B2C27D0-F479-4A15-A74A-1FF9223C4078}.Release|Any CPU.Build.0 = Release|Any CPU
		{4B2C27D0-F479-4A15-A74A-1FF9223C4078}.Release|ARM.ActiveCfg = Release|Any CPU
		{4B2C27D0-F479-4A15-A74A-1FF9223C4078}.Release|ARM.Build.0 = Release|Any CPU
		{4B2C27D0-F479-4A15-A74A-1FF9223C4078}.Release|x64.ActiveCfg = Release|x64
		{4B2C27D0-F479-4A15-A74A-1FF9223C4078}.Release|x64.Build.0 = Release|x64
		{4B2C27D0-F479-4A15-A74A-1FF9223C4078}.Release|x86.ActiveCfg = Release|x86
		{4B2C27D0-F479-4A15-A74A-1FF9223C4078}.Release|x86.Build.0 = Release|x86
	EndGlobalSection
	GlobalSection(SolutionProperties) = preSolution
		HideSolutionNode = FALSE
	EndGlobalSection
EndGlobal
