
Microsoft Visual Studio Solution File, Format Version 12.00
# Visual Studio Version 16
VisualStudioVersion = 16.0.30114.105
MinimumVisualStudioVersion = 10.0.40219.1
Project("{FAE04EC0-301F-11D3-BF4B-00C04F79EFBC}") = "C5", "C5\C5.csproj", "{91CA8E84-BC04-4DAD-BAD0-D05E28638EBF}"
EndProject
Project("{FAE04EC0-301F-11D3-BF4B-00C04F79EFBC}") = "C5.Tests", "C5.Tests\C5.Tests.csproj", "{4CDA1DC3-A7F2-495F-BF52-2C7D20546E8D}"
EndProject
Project("{FAE04EC0-301F-11D3-BF4B-00C04F79EFBC}") = "C5.UserGuideExamples", "C5.UserGuideExamples\C5.UserGuideExamples.csproj", "{CAFD5E85-68AD-4A47-9367-E2EE60A931EB}"
EndProject
Global
	GlobalSection(SolutionConfigurationPlatforms) = preSolution
		Debug|Any CPU = Debug|Any CPU
		Release|Any CPU = Release|Any CPU
	EndGlobalSection
	GlobalSection(SolutionProperties) = preSolution
		HideSolutionNode = FALSE
	EndGlobalSection
	GlobalSection(ProjectConfigurationPlatforms) = postSolution
		{91CA8E84-BC04-4DAD-BAD0-D05E28638EBF}.Debug|Any CPU.ActiveCfg = Debug|Any CPU
		{91CA8E84-BC04-4DAD-BAD0-D05E28638EBF}.Debug|Any CPU.Build.0 = Debug|Any CPU
		{91CA8E84-BC04-4DAD-BAD0-D05E28638EBF}.Release|Any CPU.ActiveCfg = Release|Any CPU
		{91CA8E84-BC04-4DAD-BAD0-D05E28638EBF}.Release|Any CPU.Build.0 = Release|Any CPU
		{4CDA1DC3-A7F2-495F-BF52-2C7D20546E8D}.Debug|Any CPU.ActiveCfg = Debug|Any CPU
		{4CDA1DC3-A7F2-495F-BF52-2C7D20546E8D}.Debug|Any CPU.Build.0 = Debug|Any CPU
		{4CDA1DC3-A7F2-495F-BF52-2C7D20546E8D}.Release|Any CPU.ActiveCfg = Release|Any CPU
		{4CDA1DC3-A7F2-495F-BF52-2C7D20546E8D}.Release|Any CPU.Build.0 = Release|Any CPU
		{CAFD5E85-68AD-4A47-9367-E2EE60A931EB}.Debug|Any CPU.ActiveCfg = Debug|Any CPU
		{CAFD5E85-68AD-4A47-9367-E2EE60A931EB}.Debug|Any CPU.Build.0 = Debug|Any CPU
		{CAFD5E85-68AD-4A47-9367-E2EE60A931EB}.Release|Any CPU.ActiveCfg = Release|Any CPU
		{CAFD5E85-68AD-4A47-9367-E2EE60A931EB}.Release|Any CPU.Build.0 = Release|Any CPU
	EndGlobalSection
EndGlobal
