
Microsoft Visual Studio Solution File, Format Version 12.00
# Visual Studio Version 16
VisualStudioVersion = 16.0.30114.105
MinimumVisualStudioVersion = 10.0.40219.1
Project("{FAE04EC0-301F-11D3-BF4B-00C04F79EFBC}") = "C5", "C5\C5.csproj", "{971DBD34-0B0C-4D3F-A8A3-D523190AC10A}"
EndProject
Project("{FAE04EC0-301F-11D3-BF4B-00C04F79EFBC}") = "C5.Tests", "C5.Tests\C5.Tests.csproj", "{9C965EA7-15EE-4717-AB21-B9F7B68FD245}"
EndProject
Project("{FAE04EC0-301F-11D3-BF4B-00C04F79EFBC}") = "C5.UserGuideExamples", "C5.UserGuideExamples\C5.UserGuideExamples.csproj", "{DF4368DD-903C-47E3-9AB7-B0B369E6EA41}"
EndProject
Global
	GlobalSection(SolutionConfigurationPlatforms) = preSolution
		Debug|Any CPU = Debug|Any CPU
		Debug|x64 = Debug|x64
		Debug|x86 = Debug|x86
		Release|Any CPU = Release|Any CPU
		Release|x64 = Release|x64
		Release|x86 = Release|x86
	EndGlobalSection
	GlobalSection(SolutionProperties) = preSolution
		HideSolutionNode = FALSE
	EndGlobalSection
	GlobalSection(ProjectConfigurationPlatforms) = postSolution
		{971DBD34-0B0C-4D3F-A8A3-D523190AC10A}.Debug|Any CPU.ActiveCfg = Debug|Any CPU
		{971DBD34-0B0C-4D3F-A8A3-D523190AC10A}.Debug|Any CPU.Build.0 = Debug|Any CPU
		{971DBD34-0B0C-4D3F-A8A3-D523190AC10A}.Debug|x64.ActiveCfg = Debug|Any CPU
		{971DBD34-0B0C-4D3F-A8A3-D523190AC10A}.Debug|x64.Build.0 = Debug|Any CPU
		{971DBD34-0B0C-4D3F-A8A3-D523190AC10A}.Debug|x86.ActiveCfg = Debug|Any CPU
		{971DBD34-0B0C-4D3F-A8A3-D523190AC10A}.Debug|x86.Build.0 = Debug|Any CPU
		{971DBD34-0B0C-4D3F-A8A3-D523190AC10A}.Release|Any CPU.ActiveCfg = Release|Any CPU
		{971DBD34-0B0C-4D3F-A8A3-D523190AC10A}.Release|Any CPU.Build.0 = Release|Any CPU
		{971DBD34-0B0C-4D3F-A8A3-D523190AC10A}.Release|x64.ActiveCfg = Release|Any CPU
		{971DBD34-0B0C-4D3F-A8A3-D523190AC10A}.Release|x64.Build.0 = Release|Any CPU
		{971DBD34-0B0C-4D3F-A8A3-D523190AC10A}.Release|x86.ActiveCfg = Release|Any CPU
		{971DBD34-0B0C-4D3F-A8A3-D523190AC10A}.Release|x86.Build.0 = Release|Any CPU
		{9C965EA7-15EE-4717-AB21-B9F7B68FD245}.Debug|Any CPU.ActiveCfg = Debug|Any CPU
		{9C965EA7-15EE-4717-AB21-B9F7B68FD245}.Debug|Any CPU.Build.0 = Debug|Any CPU
		{9C965EA7-15EE-4717-AB21-B9F7B68FD245}.Debug|x64.ActiveCfg = Debug|Any CPU
		{9C965EA7-15EE-4717-AB21-B9F7B68FD245}.Debug|x64.Build.0 = Debug|Any CPU
		{9C965EA7-15EE-4717-AB21-B9F7B68FD245}.Debug|x86.ActiveCfg = Debug|Any CPU
		{9C965EA7-15EE-4717-AB21-B9F7B68FD245}.Debug|x86.Build.0 = Debug|Any CPU
		{9C965EA7-15EE-4717-AB21-B9F7B68FD245}.Release|Any CPU.ActiveCfg = Release|Any CPU
		{9C965EA7-15EE-4717-AB21-B9F7B68FD245}.Release|Any CPU.Build.0 = Release|Any CPU
		{9C965EA7-15EE-4717-AB21-B9F7B68FD245}.Release|x64.ActiveCfg = Release|Any CPU
		{9C965EA7-15EE-4717-AB21-B9F7B68FD245}.Release|x64.Build.0 = Release|Any CPU
		{9C965EA7-15EE-4717-AB21-B9F7B68FD245}.Release|x86.ActiveCfg = Release|Any CPU
		{9C965EA7-15EE-4717-AB21-B9F7B68FD245}.Release|x86.Build.0 = Release|Any CPU
		{DF4368DD-903C-47E3-9AB7-B0B369E6EA41}.Debug|Any CPU.ActiveCfg = Debug|Any CPU
		{DF4368DD-903C-47E3-9AB7-B0B369E6EA41}.Debug|Any CPU.Build.0 = Debug|Any CPU
		{DF4368DD-903C-47E3-9AB7-B0B369E6EA41}.Debug|x64.ActiveCfg = Debug|Any CPU
		{DF4368DD-903C-47E3-9AB7-B0B369E6EA41}.Debug|x64.Build.0 = Debug|Any CPU
		{DF4368DD-903C-47E3-9AB7-B0B369E6EA41}.Debug|x86.ActiveCfg = Debug|Any CPU
		{DF4368DD-903C-47E3-9AB7-B0B369E6EA41}.Debug|x86.Build.0 = Debug|Any CPU
		{DF4368DD-903C-47E3-9AB7-B0B369E6EA41}.Release|Any CPU.ActiveCfg = Release|Any CPU
		{DF4368DD-903C-47E3-9AB7-B0B369E6EA41}.Release|Any CPU.Build.0 = Release|Any CPU
		{DF4368DD-903C-47E3-9AB7-B0B369E6EA41}.Release|x64.ActiveCfg = Release|Any CPU
		{DF4368DD-903C-47E3-9AB7-B0B369E6EA41}.Release|x64.Build.0 = Release|Any CPU
		{DF4368DD-903C-47E3-9AB7-B0B369E6EA41}.Release|x86.ActiveCfg = Release|Any CPU
		{DF4368DD-903C-47E3-9AB7-B0B369E6EA41}.Release|x86.Build.0 = Release|Any CPU
	EndGlobalSection
EndGlobal
